<?xml version="1.0" encoding="utf-8"?>
<Project ToolsVersion="4.0" xmlns="http://schemas.microsoft.com/developer/msbuild/2003">
  <ItemGroup>
    <Filter Include="DEMOSDK">
      <UniqueIdentifier>{0166929c-daf7-48fc-b266-2567060771d4}</UniqueIdentifier>
    </Filter>
    <Filter Include="EXTERN">
      <UniqueIdentifier>{02c5f3d6-462e-4937-923f-89abacefdd41}</UniqueIdentifier>
    </Filter>
    <Filter Include="FX">
      <UniqueIdentifier>{a42c1283-db68-4c47-a03d-b59d61ed0d86}</UniqueIdentifier>
    </Filter>
    <Filter Include="FX\VECTOR">
      <UniqueIdentifier>{8defdfbd-4d0b-4692-99fd-2fdbd4179688}</UniqueIdentifier>
    </Filter>
    <Filter Include="FX\SNDSHADE">
      <UniqueIdentifier>{cc925e43-138e-4d7b-a2c2-6ba08cea760d}</UniqueIdentifier>
    </Filter>
    <Filter Include="FX\SMPLCURV">
      <UniqueIdentifier>{752a0239-46be-4c47-8f14-2c3218b04f11}</UniqueIdentifier>
    </Filter>
    <Filter Include="FX\STARFILD">
      <UniqueIdentifier>{bb26e26c-39f3-4af5-92ab-ea82bf057096}</UniqueIdentifier>
    </Filter>
    <Filter Include="TOOLS">
      <UniqueIdentifier>{12593bf8-a621-44af-abe7-3b11da080e8e}</UniqueIdentifier>
    </Filter>
    <Filter Include="TOOLS\TESTSHIF">
      <UniqueIdentifier>{03a40df1-fd04-48ed-b78c-dddc1584951d}</UniqueIdentifier>
    </Filter>
    <Filter Include="BLITZIK">
      <UniqueIdentifier>{682d2d94-30b5-4486-8264-e053ccfd78a9}</UniqueIdentifier>
    </Filter>
    <Filter Include="BLITZIK\SPECIFIC">
      <UniqueIdentifier>{4724582c-a246-4582-87cc-2960d08b5cb6}</UniqueIdentifier>
    </Filter>
    <Filter Include="BLITZIK\SPECIFIC\SRC">
      <UniqueIdentifier>{32e2bd30-aa0f-44fb-b3a5-9d0b88a7d0e6}</UniqueIdentifier>
    </Filter>
    <Filter Include="BLITZIK\SPECIFIC\SRC\SSHADE">
      <UniqueIdentifier>{7fb527b7-a03d-4daf-983d-396464825a0b}</UniqueIdentifier>
    </Filter>
    <Filter Include="BLITZIK\SPECIFIC\SRC\SAMSCROL">
      <UniqueIdentifier>{1d167800-ae96-433d-8101-4d8da8fa3638}</UniqueIdentifier>
    </Filter>
    <Filter Include="BLITZIK\SPECIFIC\SRC\MENU">
      <UniqueIdentifier>{f2ce30cd-f229-450f-a466-507d8cda4577}</UniqueIdentifier>
    </Filter>
    <Filter Include="BLITZIK\SPECIFIC\SRC\INFO">
      <UniqueIdentifier>{0d057e9d-33fd-47cf-94d2-f32e57b0d7da}</UniqueIdentifier>
    </Filter>
    <Filter Include="BLITZIK\SPECIFIC\SRC\ALLCURVE">
      <UniqueIdentifier>{af8661e3-ec12-456f-ab62-2c384048503a}</UniqueIdentifier>
    </Filter>
    <Filter Include="BLITZIK\SPECIFIC\SRC\LAYERZ">
      <UniqueIdentifier>{8451a732-bec6-434d-95fe-6e229eb50a59}</UniqueIdentifier>
    </Filter>
    <Filter Include="BLITZIK\SPECIFIC\SRC\WAVHERO">
      <UniqueIdentifier>{22abf836-c820-4189-a738-cacba7d3f001}</UniqueIdentifier>
    </Filter>
    <Filter Include="BLITZIK\SPECIFIC\BOOT">
      <UniqueIdentifier>{d1a5ac8e-aeb7-4593-ae52-4dd9eea54618}</UniqueIdentifier>
    </Filter>
    <Filter Include="_Hatari">
      <UniqueIdentifier>{a8c0d9b2-8d70-4d9f-9ced-415182349b33}</UniqueIdentifier>
    </Filter>
    <Filter Include="TOOLS\EMUEXEC">
      <UniqueIdentifier>{9fcdaf60-5ad4-45b6-90fb-97bad206322a}</UniqueIdentifier>
    </Filter>
    <Filter Include="TOOLS\TESTDMA">
      <UniqueIdentifier>{8b2c8266-4561-48ae-bb34-f6825d604745}</UniqueIdentifier>
    </Filter>
    <Filter Include="RELAPSE">
      <UniqueIdentifier>{0723594e-4df2-438a-afc1-7371fb98f0b5}</UniqueIdentifier>
    </Filter>
    <Filter Include="RELAPSE\SPECIFIC">
      <UniqueIdentifier>{1c75ca93-665c-4772-abfb-e53acb8e9fe9}</UniqueIdentifier>
    </Filter>
    <Filter Include="RELAPSE\SPECIFIC\LIQUID">
      <UniqueIdentifier>{f1b232d0-5f28-47d9-bc90-932049704138}</UniqueIdentifier>
    </Filter>
    <Filter Include="RELAPSE\SPECIFIC\EGYPTIA">
      <UniqueIdentifier>{cc689e63-986f-45de-b4f0-98adc4b69290}</UniqueIdentifier>
    </Filter>
    <Filter Include="RELAPSE\SPECIFIC\BOOT">
      <UniqueIdentifier>{390dd685-cb8f-42f9-8ce5-a894bc30f57f}</UniqueIdentifier>
    </Filter>
    <Filter Include="LOVEBYTE">
      <UniqueIdentifier>{f6f9d9e7-71a8-4cd2-bdb5-1e724fd58f57}</UniqueIdentifier>
    </Filter>
    <Filter Include="LOVEBYTE\_hatari">
      <UniqueIdentifier>{821fb2fe-9719-4fbd-8c38-35c53d99482e}</UniqueIdentifier>
    </Filter>
    <Filter Include="RELAPSE\SPECIFIC\LOADER">
      <UniqueIdentifier>{42f1dc69-8dfe-4211-9c20-c6fa169e1579}</UniqueIdentifier>
    </Filter>
    <Filter Include="RELAPSE\SPECIFIC\SHADE">
      <UniqueIdentifier>{f1ff928a-af3c-42bc-94ab-8803fc751ea9}</UniqueIdentifier>
    </Filter>
    <Filter Include="RELAPSE\SPECIFIC\CASCADE">
      <UniqueIdentifier>{182e4e8e-c23d-41f4-883c-7267b1e26493}</UniqueIdentifier>
    </Filter>
    <Filter Include="RELAPSE\SPECIFIC\END">
      <UniqueIdentifier>{80f17c1e-4f3d-4aae-97f5-c5c586fdd6d3}</UniqueIdentifier>
    </Filter>
    </Filter>
  </ItemGroup>
  <ItemGroup>
    <None Include="TOOLS\EMUEXEC\EMUEXEC.CFG">
      <Filter>TOOLS\EMUEXEC</Filter>
    </None>
    <None Include="TOOLS\EMUEXEC\EMUEXEC.PRJ">
      <Filter>TOOLS\EMUEXEC</Filter>
    </None>
    <None Include="PC\_hatari\HatariDevpack.bat">
      <Filter>_Hatari</Filter>
    </None>
    <None Include="PC\_hatari\hataridevpack.cfg">
      <Filter>_Hatari</Filter>
    </None>
    <None Include="LOVEBYTE\LOVEBOOT.BAT">
      <Filter>LOVEBYTE</Filter>
    </None>
    <None Include="LOVEBYTE\LOVEBOOT.INI">
      <Filter>LOVEBYTE</Filter>
    </None>
    <None Include="LOVEBYTE\FILE_ID.DIZ">
      <Filter>LOVEBYTE</Filter>
    </None>
    <None Include="RELAPSE\SRC\GRAFIK_S\OBJECTS.S">
      <Filter>RELAPSE\SPECIFIC\GRAFIK_S</Filter>
    </None>
    <None Include="EXTERN\NI_PACK\atari_st\ni_n0.s">
      <Filter>EXTERN</Filter>
    </None>
    <None Include="EXTERN\NI_PACK\atari_st\ni_n1.s">
      <Filter>EXTERN</Filter>
    </None>
    <None Include="EXTERN\NI_PACK\atari_st\ni_n1_e.s">
      <Filter>EXTERN</Filter>
    </None>
    <None Include="EXTERN\NI_PACK\atari_st\ni_n1_f.s">
      <Filter>EXTERN</Filter>
    </None>
    <None Include="EXTERN\NI_PACK\atari_st\ni_n2.s">
      <Filter>EXTERN</Filter>
    </None>
    <None Include="RELAPSE\SRC\BOOTSEC2.BAT">
      <Filter>RELAPSE\SPECIFIC\BOOT</Filter>
    </None>
    <None Include="RELAPSE\SRC\BOOTSEC2.INI">
      <Filter>RELAPSE\SPECIFIC\BOOT</Filter>
    </None>
  </ItemGroup>
  <ItemGroup>
    <CustomBuild Include="DEMOSDK\CODEGEN.S">
      <Filter>DEMOSDK</Filter>
    </CustomBuild>
    <CustomBuild Include="DEMOSDK\LOAD.S">
      <Filter>DEMOSDK</Filter>
    </CustomBuild>
    <CustomBuild Include="DEMOSDK\RASTERS.S">
      <Filter>DEMOSDK</Filter>
    </CustomBuild>
    <CustomBuild Include="DEMOSDK\STANDARD.S">
      <Filter>DEMOSDK</Filter>
    </CustomBuild>
    <CustomBuild Include="DEMOSDK\SYSTEM.S">
      <Filter>DEMOSDK</Filter>
    </CustomBuild>
    <CustomBuild Include="DEMOSDK\TRACE.S">
      <Filter>DEMOSDK</Filter>
    </CustomBuild>
    <CustomBuild Include="DEMOSDK\BLSZPLAY.S">
      <Filter>DEMOSDK</Filter>
    </CustomBuild>
    <CustomBuild Include="DEMOSDK\BITMAP.S">
      <Filter>DEMOSDK</Filter>
    </CustomBuild>
    <CustomBuild Include="EXTERN\ARJDEP2.S">
      <Filter>EXTERN</Filter>
    </CustomBuild>
    <CustomBuild Include="EXTERN\RELOCATE.S">
      <Filter>EXTERN</Filter>
    </CustomBuild>
    <CustomBuild Include="EXTERN\XSTARTUP.S">
      <Filter>EXTERN</Filter>
    </CustomBuild>
    <CustomBuild Include="FX\SMPLCURV\SMPLCURV.S">
      <Filter>FX\SMPLCURV</Filter>
    </CustomBuild>
    <CustomBuild Include="FX\SNDSHADE\SNDSHADE.S">
      <Filter>FX\SNDSHADE</Filter>
    </CustomBuild>
    <CustomBuild Include="FX\STARFILD\STARFI1P.S">
      <Filter>FX\STARFILD</Filter>
    </CustomBuild>
    <CustomBuild Include="FX\VECTOR\VECTOR.S">
      <Filter>FX\VECTOR</Filter>
    </CustomBuild>
    <CustomBuild Include="BLITZIK\SRC\BOOTSTRA.S">
      <Filter>BLITZIK\SPECIFIC\BOOT</Filter>
    </CustomBuild>
    <CustomBuild Include="BLITZIK\SRC\ALLCURVE\ALLCURVE.S">
      <Filter>BLITZIK\SPECIFIC\SRC\ALLCURVE</Filter>
    </CustomBuild>
    <CustomBuild Include="DEMOSDK\BITMAPEX.S">
      <Filter>DEMOSDK</Filter>
    </CustomBuild>
    <CustomBuild Include="DEMOSDK\BLSZIO.S">
      <Filter>DEMOSDK</Filter>
    </CustomBuild>
    <CustomBuild Include="BLITZIK\SRC\INFO\INFO.S">
      <Filter>BLITZIK\SPECIFIC\SRC\INFO</Filter>
    </CustomBuild>
    <CustomBuild Include="BLITZIK\SRC\MENU\MENU.S">
      <Filter>BLITZIK\SPECIFIC\SRC\MENU</Filter>
    </CustomBuild>
    <CustomBuild Include="BLITZIK\SRC\LAYERZ\LAYERZ.S">
      <Filter>BLITZIK\SPECIFIC\SRC\LAYERZ</Filter>
    </CustomBuild>
    <CustomBuild Include="BLITZIK\SRC\SSHADE\SSHADE.S">
      <Filter>BLITZIK\SPECIFIC\SRC\SSHADE</Filter>
    </CustomBuild>
    <CustomBuild Include="BLITZIK\SRC\SAMSCROL\SAMSCROL.S">
      <Filter>BLITZIK\SPECIFIC\SRC\SAMSCROL</Filter>
    </CustomBuild>
    <CustomBuild Include="BLITZIK\SRC\WAVHERO\WAVHERO.S">
      <Filter>BLITZIK\SPECIFIC\SRC\WAVHERO</Filter>
    </CustomBuild>
    <CustomBuild Include="DEMOSDK\COLORS.S">
      <Filter>DEMOSDK</Filter>
    </CustomBuild>
    <CustomBuild Include="BLITZIK\SRC\BOOTON_B.S">
      <Filter>BLITZIK\SPECIFIC\BOOT</Filter>
    </CustomBuild>
    <CustomBuild Include="BLITZIK\SRC\SCREENS.S">
      <Filter>BLITZIK\SPECIFIC\SRC</Filter>
    </CustomBuild>
    <CustomBuild Include="EXTERN\WIZZCAT\PRTRKSTE.S">
      <Filter>EXTERN</Filter>
    </CustomBuild>
    <CustomBuild Include="TOOLS\TESTSHIF\TESTSHIF.S">
      <Filter>TOOLS\TESTSHIF</Filter>
    </CustomBuild>
    <CustomBuild Include="TOOLS\TESTDMA\TESTDMA.S">
      <Filter>TOOLS\TESTDMA</Filter>
    </CustomBuild>
    <CustomBuild Include="EXTERN\NI_PACK\atari_st\ni_n2_f.s">
      <Filter>EXTERN</Filter>
    </CustomBuild>
    <CustomBuild Include="EXTERN\NI_PACK\ATARI_ST\ni_n0_f.s">
      <Filter>EXTERN</Filter>
    </CustomBuild>
    <CustomBuild Include="RELAPSE\SRC\LIQUID\LIQUID.S">
      <Filter>RELAPSE\SPECIFIC\LIQUID</Filter>
    </CustomBuild>
    <CustomBuild Include="RELAPSE\SRC\BOOTSTRA.S">
      <Filter>RELAPSE\SPECIFIC\BOOT</Filter>
    </CustomBuild>
    <CustomBuild Include="RELAPSE\SRC\BOOTSEC2.S">
      <Filter>RELAPSE\SPECIFIC\BOOT</Filter>
    </CustomBuild>
    <CustomBuild Include="DEMOSDK\MODX2MOD.S">
      <Filter>DEMOSDK</Filter>
    </CustomBuild>
    <CustomBuild Include="RELAPSE\SRC\EGYPTIA\EGYPTIA.S">
      <Filter>RELAPSE\SPECIFIC\EGYPTIA</Filter>
    </CustomBuild>
    <CustomBuild Include="LOVEBYTE\LOVEBOOT.S">
      <Filter>LOVEBYTE</Filter>
    </CustomBuild>
    <CustomBuild Include="RELAPSE\SRC\LOADER\LOADER.S">
      <Filter>RELAPSE\SPECIFIC\LOADER</Filter>
    </CustomBuild>
    <CustomBuild Include="RELAPSE\SRC\SHADE\SHADE.S">
      <Filter>RELAPSE\SPECIFIC\SHADE</Filter>
    </CustomBuild>
    <CustomBuild Include="RELAPSE\SRC\CASCADE\CASCADE.S">
      <Filter>RELAPSE\SPECIFIC\CASCADE</Filter>
    </CustomBuild>
    <CustomBuild Include="RELAPSE\SRC\END\END.S">
      <Filter>RELAPSE\SPECIFIC\END</Filter>
    </CustomBuild>
    <CustomBuild Include="ZOOMER\ZOOMER.S">
      <Filter>ZOOMER</Filter>
    </CustomBuild>
    <CustomBuild Include="RELAPSE\SRC\SPACEF\SPACEF.S">
      <Filter>RELAPSE\SPECIFIC\SPACEF</Filter>
    </CustomBuild>
    <CustomBuild Include="RELAPSE\SRC\FASTMENU\FASTMENU.S">
      <Filter>RELAPSE\SPECIFIC\FASTMENU</Filter>
    </CustomBuild>
    <CustomBuild Include="RELAPSE\SRC\INFO\INFO.S">
      <Filter>RELAPSE\SPECIFIC\INFO</Filter>
    </CustomBuild>
    <CustomBuild Include="RELAPSE\SRC\INTERLUD\INTERLUD.S">
      <Filter>RELAPSE\SPECIFIC\INTERLUD</Filter>
    </CustomBuild>
    <CustomBuild Include="RELAPSE\SRC\RBOOTonB.S">
      <Filter>RELAPSE\SPECIFIC\BOOT</Filter>
    </CustomBuild>
    <CustomBuild Include="RELAPSE\SRC\SCREENS.S">
      <Filter>RELAPSE\SPECIFIC</Filter>
    </CustomBuild>
    <CustomBuild Include="RELAPSE\SRC\GRAFIK_S\GRAFIK_S.S">
      <Filter>RELAPSE\SPECIFIC\GRAFIK_S</Filter>
    </CustomBuild>
    <CustomBuild Include="DEMOSDK\BITMAP3.S">
      <Filter>DEMOSDK</Filter>
    </CustomBuild>
  </ItemGroup>
  <ItemGroup>
    <ClCompile Include="TOOLS\EMUEXEC\EMUEXEC.C">
      <Filter>TOOLS\EMUEXEC</Filter>
    </ClCompile>
  </ItemGroup>
</Project>