
Microsoft Visual Studio Solution File, Format Version 12.00
# Visual Studio Version 16
VisualStudioVersion = 16.0.29920.165
MinimumVisualStudioVersion = 10.0.40219.1
Project("{8BC9CEB8-8B4A-11D0-8D11-00A0C91BC942}") = "Rebirth", "Rebirth.vcxproj", "{270FFB34-1884-425B-800D-E06130E24F0D}"
EndProject
Project("{8BC9CEB8-8B4A-11D0-8D11-00A0C91BC942}") = "NeoViewer", "NeoViewer.vcxproj", "{08B7D386-B965-49B4-AEBF-67FE50BA8AE7}"
EndProject
Project("{8BC9CEB8-8B4A-11D0-8D11-00A0C91BC942}") = "RebirthBinarize", "RebirthBinarize.vcxproj", "{082CD7CB-ED9C-4F05-B6BA-4A6357ACECBD}"
EndProject
Project("{8BC9CEB8-8B4A-11D0-8D11-00A0C91BC942}") = "SyntheticSound", "SyntheticSound.vcxproj", "{46CA3CC9-D57C-4A22-ACB5-B79A5C21DE1E}"
EndProject
Project("{8BC9CEB8-8B4A-11D0-8D11-00A0C91BC942}") = "BlsConvert", "BlsConvert.vcxproj", "{24452CF2-8EF4-4DA6-AAA1-F33A3644B3FA}"
EndProject
Project("{8BC9CEB8-8B4A-11D0-8D11-00A0C91BC942}") = "BlsPlay", "BlsPlay.vcxproj", "{41CDAB10-F36A-40DB-8377-A10BFF4BDCE9}"
EndProject
Project("{8BC9CEB8-8B4A-11D0-8D11-00A0C91BC942}") = "BlitZik", "BlitZik.vcxproj", "{49855362-BF8E-40C9-8FA8-37BA5542C5D2}"
EndProject
Project("{8BC9CEB8-8B4A-11D0-8D11-00A0C91BC942}") = "BlitZikBinarize", "BlitZikBinarize.vcxproj", "{2EB6E9A6-BEAC-4FBD-A86B-D478D7EE825A}"
EndProject
Project("{8BC9CEB8-8B4A-11D0-8D11-00A0C91BC942}") = "Imager", "Imager.vcxproj", "{030EAB48-3FC6-4C28-A695-B32E9BE0BCF7}"
EndProject
Project("{8BC9CEB8-8B4A-11D0-8D11-00A0C91BC942}") = "SynthYM", "SynthYM.vcxproj", "{FE013320-8B7C-45FE-9BFA-D9DB84855FD2}"
EndProject
Project("{2150E333-8FDC-42A3-9474-1A3956D46DE8}") = "Solution Items", "Solution Items", "{8BEDDE6F-988D-4EEF-BD52-49429CDA45B6}"
	ProjectSection(SolutionItems) = preProject
		..\TODOLIST.TXT = ..\TODOLIST.TXT
	EndProjectSection
EndProject
Project("{8BC9CEB8-8B4A-11D0-8D11-00A0C91BC942}") = "Arj2Arjx", "Arj2Arjx.vcxproj", "{D111DBEC-593D-42E1-B5F1-7B7F023E07DE}"
EndProject
Project("{8BC9CEB8-8B4A-11D0-8D11-00A0C91BC942}") = "WizPlay", "WizPlay.vcxproj", "{2DD90B81-DA8F-40C6-9D4C-DD23E90DC027}"
EndProject
Project("{8BC9CEB8-8B4A-11D0-8D11-00A0C91BC942}") = "Mod2Modx", "Mod2Modx.vcxproj", "{280F3631-A5C1-435D-AC4B-202AF5B65E1B}"
EndProject
Global
	GlobalSection(SolutionConfigurationPlatforms) = preSolution
		Debug_BLZonly|Win32 = Debug_BLZonly|Win32
		Debug|Win32 = Debug|Win32
		Release_BLZonly|Win32 = Release_BLZonly|Win32
		Release|Win32 = Release|Win32
	EndGlobalSection
	GlobalSection(ProjectConfigurationPlatforms) = postSolution
		{270FFB34-1884-425B-800D-E06130E24F0D}.Debug_BLZonly|Win32.ActiveCfg = Debug|Win32
		{270FFB34-1884-425B-800D-E06130E24F0D}.Debug|Win32.ActiveCfg = Debug|Win32
		{270FFB34-1884-425B-800D-E06130E24F0D}.Debug|Win32.Build.0 = Debug|Win32
		{270FFB34-1884-425B-800D-E06130E24F0D}.Release_BLZonly|Win32.ActiveCfg = Release|Win32
		{270FFB34-1884-425B-800D-E06130E24F0D}.Release|Win32.ActiveCfg = Release|Win32
		{270FFB34-1884-425B-800D-E06130E24F0D}.Release|Win32.Build.0 = Release|Win32
		{08B7D386-B965-49B4-AEBF-67FE50BA8AE7}.Debug_BLZonly|Win32.ActiveCfg = Debug|Win32
		{08B7D386-B965-49B4-AEBF-67FE50BA8AE7}.Debug|Win32.ActiveCfg = Debug|Win32
		{08B7D386-B965-49B4-AEBF-67FE50BA8AE7}.Debug|Win32.Build.0 = Debug|Win32
		{08B7D386-B965-49B4-AEBF-67FE50BA8AE7}.Release_BLZonly|Win32.ActiveCfg = Release|Win32
		{08B7D386-B965-49B4-AEBF-67FE50BA8AE7}.Release|Win32.ActiveCfg = Release|Win32
		{08B7D386-B965-49B4-AEBF-67FE50BA8AE7}.Release|Win32.Build.0 = Release|Win32
		{082CD7CB-ED9C-4F05-B6BA-4A6357ACECBD}.Debug_BLZonly|Win32.ActiveCfg = Debug|Win32
		{082CD7CB-ED9C-4F05-B6BA-4A6357ACECBD}.Debug|Win32.ActiveCfg = Debug|Win32
		{082CD7CB-ED9C-4F05-B6BA-4A6357ACECBD}.Debug|Win32.Build.0 = Debug|Win32
		{082CD7CB-ED9C-4F05-B6BA-4A6357ACECBD}.Release_BLZonly|Win32.ActiveCfg = Release|Win32
		{082CD7CB-ED9C-4F05-B6BA-4A6357ACECBD}.Release|Win32.ActiveCfg = Release|Win32
		{082CD7CB-ED9C-4F05-B6BA-4A6357ACECBD}.Release|Win32.Build.0 = Release|Win32
		{46CA3CC9-D57C-4A22-ACB5-B79A5C21DE1E}.Debug_BLZonly|Win32.ActiveCfg = Debug|Win32
		{46CA3CC9-D57C-4A22-ACB5-B79A5C21DE1E}.Debug|Win32.ActiveCfg = Debug|Win32
		{46CA3CC9-D57C-4A22-ACB5-B79A5C21DE1E}.Debug|Win32.Build.0 = Debug|Win32
		{46CA3CC9-D57C-4A22-ACB5-B79A5C21DE1E}.Release_BLZonly|Win32.ActiveCfg = Release|Win32
		{46CA3CC9-D57C-4A22-ACB5-B79A5C21DE1E}.Release|Win32.ActiveCfg = Release|Win32
		{46CA3CC9-D57C-4A22-ACB5-B79A5C21DE1E}.Release|Win32.Build.0 = Release|Win32
		{24452CF2-8EF4-4DA6-AAA1-F33A3644B3FA}.Debug_BLZonly|Win32.ActiveCfg = Debug|Win32
		{24452CF2-8EF4-4DA6-AAA1-F33A3644B3FA}.Debug|Win32.ActiveCfg = Debug|Win32
		{24452CF2-8EF4-4DA6-AAA1-F33A3644B3FA}.Debug|Win32.Build.0 = Debug|Win32
		{24452CF2-8EF4-4DA6-AAA1-F33A3644B3FA}.Release_BLZonly|Win32.ActiveCfg = Release|Win32
		{24452CF2-8EF4-4DA6-AAA1-F33A3644B3FA}.Release|Win32.ActiveCfg = Release|Win32
		{24452CF2-8EF4-4DA6-AAA1-F33A3644B3FA}.Release|Win32.Build.0 = Release|Win32
		{41CDAB10-F36A-40DB-8377-A10BFF4BDCE9}.Debug_BLZonly|Win32.ActiveCfg = Debug_BLZonly|Win32
		{41CDAB10-F36A-40DB-8377-A10BFF4BDCE9}.Debug_BLZonly|Win32.Build.0 = Debug_BLZonly|Win32
		{41CDAB10-F36A-40DB-8377-A10BFF4BDCE9}.Debug|Win32.ActiveCfg = Debug|Win32
		{41CDAB10-F36A-40DB-8377-A10BFF4BDCE9}.Debug|Win32.Build.0 = Debug|Win32
		{41CDAB10-F36A-40DB-8377-A10BFF4BDCE9}.Release_BLZonly|Win32.ActiveCfg = Release_BLZonly|Win32
		{41CDAB10-F36A-40DB-8377-A10BFF4BDCE9}.Release_BLZonly|Win32.Build.0 = Release_BLZonly|Win32
		{41CDAB10-F36A-40DB-8377-A10BFF4BDCE9}.Release|Win32.ActiveCfg = Release|Win32
		{41CDAB10-F36A-40DB-8377-A10BFF4BDCE9}.Release|Win32.Build.0 = Release|Win32
		{49855362-BF8E-40C9-8FA8-37BA5542C5D2}.Debug_BLZonly|Win32.ActiveCfg = Debug|Win32
		{49855362-BF8E-40C9-8FA8-37BA5542C5D2}.Debug|Win32.ActiveCfg = Debug|Win32
		{49855362-BF8E-40C9-8FA8-37BA5542C5D2}.Debug|Win32.Build.0 = Debug|Win32
		{49855362-BF8E-40C9-8FA8-37BA5542C5D2}.Release_BLZonly|Win32.ActiveCfg = Release|Win32
		{49855362-BF8E-40C9-8FA8-37BA5542C5D2}.Release|Win32.ActiveCfg = Release|Win32
		{49855362-BF8E-40C9-8FA8-37BA5542C5D2}.Release|Win32.Build.0 = Release|Win32
		{2EB6E9A6-BEAC-4FBD-A86B-D478D7EE825A}.Debug_BLZonly|Win32.ActiveCfg = Debug|Win32
		{2EB6E9A6-BEAC-4FBD-A86B-D478D7EE825A}.Debug|Win32.ActiveCfg = Debug|Win32
		{2EB6E9A6-BEAC-4FBD-A86B-D478D7EE825A}.Debug|Win32.Build.0 = Debug|Win32
		{2EB6E9A6-BEAC-4FBD-A86B-D478D7EE825A}.Release_BLZonly|Win32.ActiveCfg = Release|Win32
		{2EB6E9A6-BEAC-4FBD-A86B-D478D7EE825A}.Release|Win32.ActiveCfg = Release|Win32
		{2EB6E9A6-BEAC-4FBD-A86B-D478D7EE825A}.Release|Win32.Build.0 = Release|Win32
		{030EAB48-3FC6-4C28-A695-B32E9BE0BCF7}.Debug_BLZonly|Win32.ActiveCfg = Debug|Win32
		{030EAB48-3FC6-4C28-A695-B32E9BE0BCF7}.Debug|Win32.ActiveCfg = Debug|Win32
		{030EAB48-3FC6-4C28-A695-B32E9BE0BCF7}.Debug|Win32.Build.0 = Debug|Win32
		{030EAB48-3FC6-4C28-A695-B32E9BE0BCF7}.Release_BLZonly|Win32.ActiveCfg = Release|Win32
		{030EAB48-3FC6-4C28-A695-B32E9BE0BCF7}.Release|Win32.ActiveCfg = Release|Win32
		{030EAB48-3FC6-4C28-A695-B32E9BE0BCF7}.Release|Win32.Build.0 = Release|Win32
		{FE013320-8B7C-45FE-9BFA-D9DB84855FD2}.Debug_BLZonly|Win32.ActiveCfg = Debug|Win32
		{FE013320-8B7C-45FE-9BFA-D9DB84855FD2}.Debug|Win32.ActiveCfg = Debug|Win32
		{FE013320-8B7C-45FE-9BFA-D9DB84855FD2}.Debug|Win32.Build.0 = Debug|Win32
		{FE013320-8B7C-45FE-9BFA-D9DB84855FD2}.Release_BLZonly|Win32.ActiveCfg = Release|Win32
		{FE013320-8B7C-45FE-9BFA-D9DB84855FD2}.Release|Win32.ActiveCfg = Release|Win32
		{FE013320-8B7C-45FE-9BFA-D9DB84855FD2}.Release|Win32.Build.0 = Release|Win32
	EndGlobalSection
	GlobalSection(SolutionProperties) = preSolution
		HideSolutionNode = FALSE
	EndGlobalSection
	GlobalSection(ExtensibilityGlobals) = postSolution
		SolutionGuid = {7F21C944-469E-440A-B144-0AE0B477D954}
	EndGlobalSection
EndGlobal
