<?xml version="1.0" encoding="utf-8"?>
<Project ToolsVersion="4.0" xmlns="http://schemas.microsoft.com/developer/msbuild/2003">
  <ItemGroup>
    <Filter Include="DEMOSDK">
      <UniqueIdentifier>{0166929c-daf7-48fc-b266-2567060771d4}</UniqueIdentifier>
    </Filter>
    <Filter Include="PC">
      <UniqueIdentifier>{2a38062b-912a-4a4c-9792-94520b1cd38a}</UniqueIdentifier>
    </Filter>
    <Filter Include="SCREENS">
      <UniqueIdentifier>{4724582c-a246-4582-87cc-2960d08b5cb6}</UniqueIdentifier>
    </Filter>
    <Filter Include="MAIN">
      <UniqueIdentifier>{4FC737F1-C7A5-4376-A066-2A32D752A2FF}</UniqueIdentifier>
      <Extensions>cpp;c;cc;cxx;def;odl;idl;hpj;bat;asm;asmx</Extensions>
    </Filter>
    <Filter Include="SCREENS\POLYZOOM">
      <UniqueIdentifier>{cac2f0a1-1e0b-4a3e-8a9c-5bb3cd9b9740}</UniqueIdentifier>
    </Filter>
    <Filter Include="RESOURCE">
      <UniqueIdentifier>{a07f1790-dda9-4715-9ddf-7dda3f588db2}</UniqueIdentifier>
    </Filter>
    <Filter Include="PURE_C">
      <UniqueIdentifier>{5a78965b-b5bc-422e-a6e8-6c6175fa83e3}</UniqueIdentifier>
    </Filter>
    <Filter Include="EXTERN">
      <UniqueIdentifier>{02c5f3d6-462e-4937-923f-89abacefdd41}</UniqueIdentifier>
    </Filter>
    <Filter Include="SCREENS\VISUALIZER">
      <UniqueIdentifier>{8c0b86ec-4db9-4958-8698-db48330f7e09}</UniqueIdentifier>
    </Filter>
    <Filter Include="SCREENS\SLIDES">
      <UniqueIdentifier>{ede278bf-6f9d-4f06-958d-17db9ce7a121}</UniqueIdentifier>
    </Filter>
    <Filter Include="SCREENS\FUGIT">
      <UniqueIdentifier>{29a482a9-8672-4ec0-ac40-0ea4f14bcc88}</UniqueIdentifier>
    </Filter>
    <Filter Include="SCREENS\INTERLUDE">
      <UniqueIdentifier>{f05bfd80-ee2a-4366-9475-16136bc4c354}</UniqueIdentifier>
    </Filter>
    <Filter Include="SCREENS\BOOT">
      <UniqueIdentifier>{d1a5ac8e-aeb7-4593-ae52-4dd9eea54618}</UniqueIdentifier>
    </Filter>
  </ItemGroup>
  <ItemGroup>
    <ClCompile Include="..\DEMOS.C">
      <Filter>MAIN</Filter>
    </ClCompile>
    <ClCompile Include="..\SCREENS\SCREENS.C">
      <Filter>SCREENS</Filter>
    </ClCompile>
    <ClCompile Include="..\SCREENS\SNDTRACK.C">
      <Filter>SCREENS</Filter>
    </ClCompile>
    <ClCompile Include="..\SCREENS\POLYZOOM.C">
      <Filter>SCREENS\POLYZOOM</Filter>
    </ClCompile>
    <ClCompile Include="..\DEMOSDK\ALLOC.C">
      <Filter>DEMOSDK</Filter>
    </ClCompile>
    <ClCompile Include="..\DEMOSDK\FSM.C">
      <Filter>DEMOSDK</Filter>
    </ClCompile>
    <ClCompile Include="..\DEMOSDK\HARDWARE.C">
      <Filter>DEMOSDK</Filter>
    </ClCompile>
    <ClCompile Include="..\DEMOSDK\SYSTEM.C">
      <Filter>DEMOSDK</Filter>
    </ClCompile>
    <ClCompile Include="..\DISK1.C">
      <Filter>RESOURCE</Filter>
    </ClCompile>
    <ClCompile Include="..\DEMOSDK\LOAD.C">
      <Filter>DEMOSDK</Filter>
    </ClCompile>
    <ClCompile Include="..\DISK2.C">
      <Filter>RESOURCE</Filter>
    </ClCompile>
    <ClCompile Include="..\DEMOSDK\RASTERS.C">
      <Filter>DEMOSDK</Filter>
    </ClCompile>
    <ClCompile Include="..\DEMOSDK\BITMAP.C">
      <Filter>DEMOSDK</Filter>
    </ClCompile>
    <ClCompile Include="..\DEMOSDK\STANDARD.C">
      <Filter>DEMOSDK</Filter>
    </ClCompile>
    <ClCompile Include="..\DEMOSDK\PC\WINDOW.C">
      <Filter>PC</Filter>
    </ClCompile>
    <ClCompile Include="..\SCREENS\VISUALIZ.C">
      <Filter>SCREENS\VISUALIZER</Filter>
    </ClCompile>
    <ClCompile Include="..\DEMOSDK\COLORS.C">
      <Filter>DEMOSDK</Filter>
    </ClCompile>
    <ClCompile Include="..\DEMOSDK\PC\EMUL.C">
      <Filter>PC</Filter>
    </ClCompile>
    <ClCompile Include="..\SCREENS\SLIDES.C">
      <Filter>SCREENS\SLIDES</Filter>
    </ClCompile>
    <ClCompile Include="..\SCREENS\FUGIT.C">
      <Filter>SCREENS\FUGIT</Filter>
    </ClCompile>
    <ClCompile Include="..\EXTERN\ARJDEP.C">
      <Filter>EXTERN</Filter>
    </ClCompile>
    <ClCompile Include="..\OPTBUILD.C">
      <Filter>PURE_C</Filter>
    </ClCompile>
    <ClCompile Include="..\DEMOSDK\TRACE.C">
      <Filter>DEMOSDK</Filter>
    </ClCompile>
    <ClCompile Include="..\SCREENS\INTERLUD.C">
      <Filter>SCREENS\INTERLUDE</Filter>
    </ClCompile>
    <ClCompile Include="..\SCREENS\MORPH.C">
      <Filter>SCREENS</Filter>
    </ClCompile>
    <ClCompile Include="..\BUILD.C">
      <Filter>PURE_C</Filter>
    </ClCompile>
    <ClCompile Include="..\DEMOSDK\SOUND.C">
      <Filter>DEMOSDK</Filter>
    </ClCompile>
  </ItemGroup>
  <ItemGroup>
    <ClInclude Include="..\SCREENS\SCREENS.H">
      <Filter>SCREENS</Filter>
    </ClInclude>
    <ClInclude Include="..\SCREENS\POLYZOOM.H">
      <Filter>SCREENS\POLYZOOM</Filter>
    </ClInclude>
    <ClInclude Include="..\DEMOSDK\ALLOC.H">
      <Filter>DEMOSDK</Filter>
    </ClInclude>
    <ClInclude Include="..\DEMOSDK\BASTYPES.H">
      <Filter>DEMOSDK</Filter>
    </ClInclude>
    <ClInclude Include="..\DEMOSDK\FSM.H">
      <Filter>DEMOSDK</Filter>
    </ClInclude>
    <ClInclude Include="..\DEMOSDK\HARDWARE.H">
      <Filter>DEMOSDK</Filter>
    </ClInclude>
    <ClInclude Include="..\DEMOSDK\SYSTEM.H">
      <Filter>DEMOSDK</Filter>
    </ClInclude>
    <ClInclude Include="..\DEMOSDK\LOAD.H">
      <Filter>DEMOSDK</Filter>
    </ClInclude>
    <ClInclude Include="..\DISK1.H">
      <Filter>RESOURCE</Filter>
    </ClInclude>
    <ClInclude Include="..\DISK2.H">
      <Filter>RESOURCE</Filter>
    </ClInclude>
    <ClInclude Include="..\DEMOSDK\TRACE.H">
      <Filter>DEMOSDK</Filter>
    </ClInclude>
    <ClInclude Include="..\DEMOSDK\RASTERS.H">
      <Filter>DEMOSDK</Filter>
    </ClInclude>
    <ClInclude Include="..\EXTERN\ARJDEP.H">
      <Filter>EXTERN</Filter>
    </ClInclude>
    <ClInclude Include="..\DEMOSDK\BITMAP.H">
      <Filter>DEMOSDK</Filter>
    </ClInclude>
    <ClInclude Include="..\DEMOSDK\STANDARD.H">
      <Filter>DEMOSDK</Filter>
    </ClInclude>
    <ClInclude Include="..\DEMOSDK\PC\WINDOW.H">
      <Filter>PC</Filter>
    </ClInclude>
    <ClInclude Include="..\SCREENS\VISUALIZ.H">
      <Filter>SCREENS\VISUALIZER</Filter>
    </ClInclude>
    <ClInclude Include="..\DEMOSDK\COLORS.H">
      <Filter>DEMOSDK</Filter>
    </ClInclude>
    <ClInclude Include="..\DEMOSDK\PC\EMUL.H">
      <Filter>PC</Filter>
    </ClInclude>
    <ClInclude Include="..\SCREENS\SLIDES.H">
      <Filter>SCREENS\SLIDES</Filter>
    </ClInclude>
    <ClInclude Include="..\SCREENS\FUGIT.H">
      <Filter>SCREENS\FUGIT</Filter>
    </ClInclude>
    <ClInclude Include="..\SCREENS\INTERLUD.H">
      <Filter>SCREENS\INTERLUDE</Filter>
    </ClInclude>
    <ClInclude Include="..\SCREENS\MORPH.H">
      <Filter>SCREENS</Filter>
    </ClInclude>
    <ClInclude Include="..\SCREENS\SNDTRACK.H">
      <Filter>SCREENS</Filter>
    </ClInclude>
    <ClInclude Include="..\DEMOSDK\SOUND.H">
      <Filter>DEMOSDK</Filter>
    </ClInclude>
  </ItemGroup>
  <ItemGroup>
    <None Include="..\SCREENS\POLYZOOM.S">
      <Filter>SCREENS\POLYZOOM</Filter>
    </None>
    <None Include="..\EXTERN\ARJDEP.S">
      <Filter>EXTERN</Filter>
    </None>
    <None Include="..\DEMOSDK\BITMAP.S">
      <Filter>DEMOSDK</Filter>
    </None>
    <None Include="..\DEMOSDK\STANDARD.S">
      <Filter>DEMOSDK</Filter>
    </None>
    <None Include="..\DEMOSDK\TRACE.S">
      <Filter>DEMOSDK</Filter>
    </None>
    <None Include="..\DEMOSDK\LOAD.S">
      <Filter>DEMOSDK</Filter>
    </None>
    <None Include="..\SCREENS\VISUALIZ.S">
      <Filter>SCREENS\VISUALIZER</Filter>
    </None>
    <None Include="..\DEMOS.PRJ">
      <Filter>PURE_C</Filter>
    </None>
    <None Include="..\DEMOSOPT.PRJ">
      <Filter>PURE_C</Filter>
    </None>
    <None Include="..\SCREENS\SLIDES.S">
      <Filter>SCREENS\SLIDES</Filter>
    </None>
    <None Include="..\SCREENS\FUGIT.S">
      <Filter>SCREENS\FUGIT</Filter>
    </None>
    <None Include="..\DEMOSDK\RASTERS.S">
      <Filter>DEMOSDK</Filter>
    </None>
    <None Include="..\DEMOSDK\BOOTSTRA.S">
      <Filter>DEMOSDK</Filter>
    </None>
    <None Include="..\SCREENS\BOOTSEC2.S">
      <Filter>SCREENS\BOOT</Filter>
    </None>
    <None Include="..\DEMOSDK\SYSTEM.S">
      <Filter>DEMOSDK</Filter>
    </None>
    <None Include="..\EXTERN\XSTARTUP.S">
      <Filter>EXTERN</Filter>
    </None>
    <None Include="..\DEMOSBLD.PRJ">
      <Filter>PURE_C</Filter>
    </None>
    <None Include="..\DEMOSDK\SOUND.S">
      <Filter>DEMOSDK</Filter>
    </None>
  </ItemGroup>
</Project>