<?xml version="1.0" encoding="utf-8"?>
<Project ToolsVersion="4.0" xmlns="http://schemas.microsoft.com/developer/msbuild/2003">
  <ItemGroup>
    <Filter Include="DEMOSDK">
      <UniqueIdentifier>{0166929c-daf7-48fc-b266-2567060771d4}</UniqueIdentifier>
    </Filter>
    <Filter Include="PC">
      <UniqueIdentifier>{2a38062b-912a-4a4c-9792-94520b1cd38a}</UniqueIdentifier>
    </Filter>
    <Filter Include="EXTERN">
      <UniqueIdentifier>{02c5f3d6-462e-4937-923f-89abacefdd41}</UniqueIdentifier>
    </Filter>
    <Filter Include="SPECIFIC">
      <UniqueIdentifier>{4724582c-a246-4582-87cc-2960d08b5cb6}</UniqueIdentifier>
    </Filter>
    <Filter Include="SPECIFIC\MAIN">
      <UniqueIdentifier>{4FC737F1-C7A5-4376-A066-2A32D752A2FF}</UniqueIdentifier>
      <Extensions>cpp;c;cc;cxx;def;odl;idl;hpj;bat;asm;asmx</Extensions>
    </Filter>
    <Filter Include="SPECIFIC\SRC">
      <UniqueIdentifier>{32e2bd30-aa0f-44fb-b3a5-9d0b88a7d0e6}</UniqueIdentifier>
    </Filter>
    <Filter Include="SPECIFIC\PURE_C">
      <UniqueIdentifier>{5a78965b-b5bc-422e-a6e8-6c6175fa83e3}</UniqueIdentifier>
    </Filter>
    <Filter Include="DEMOSDK\DATA">
      <UniqueIdentifier>{3b252f99-899e-4dbb-9086-bc30e5ec9fa2}</UniqueIdentifier>
    </Filter>
  </ItemGroup>
  <ItemGroup>
    <ClCompile Include="..\DEMOSDK\ALLOC.C">
      <Filter>DEMOSDK</Filter>
    </ClCompile>
    <ClCompile Include="..\DEMOSDK\FSM.C">
      <Filter>DEMOSDK</Filter>
    </ClCompile>
    <ClCompile Include="..\DEMOSDK\HARDWARE.C">
      <Filter>DEMOSDK</Filter>
    </ClCompile>
    <ClCompile Include="..\DEMOSDK\SYSTEM.C">
      <Filter>DEMOSDK</Filter>
    </ClCompile>
    <ClCompile Include="..\DEMOSDK\LOAD.C">
      <Filter>DEMOSDK</Filter>
    </ClCompile>
    <ClCompile Include="..\DEMOSDK\RASTERS.C">
      <Filter>DEMOSDK</Filter>
    </ClCompile>
    <ClCompile Include="..\DEMOSDK\BITMAP.C">
      <Filter>DEMOSDK</Filter>
    </ClCompile>
    <ClCompile Include="..\DEMOSDK\STANDARD.C">
      <Filter>DEMOSDK</Filter>
    </ClCompile>
    <ClCompile Include="..\DEMOSDK\PC\WINDOW.C">
      <Filter>PC</Filter>
    </ClCompile>
    <ClCompile Include="..\DEMOSDK\COLORS.C">
      <Filter>DEMOSDK</Filter>
    </ClCompile>
    <ClCompile Include="..\EXTERN\ARJDEP.C">
      <Filter>EXTERN</Filter>
    </ClCompile>
    <ClCompile Include="..\DEMOSDK\TRACE.C">
      <Filter>DEMOSDK</Filter>
    </ClCompile>
    <ClCompile Include="..\SYNSOUND\BUILD.C">
      <Filter>SPECIFIC\MAIN</Filter>
    </ClCompile>
    <ClCompile Include="..\SYNSOUND\SRC\DEMOS.C">
      <Filter>SPECIFIC\MAIN</Filter>
    </ClCompile>
    <ClCompile Include="..\SYNSOUND\SRC\SCREENS.C">
      <Filter>SPECIFIC\SRC</Filter>
    </ClCompile>
    <ClCompile Include="..\EXTERN\RELOCATE.C">
      <Filter>EXTERN</Filter>
    </ClCompile>
    <ClCompile Include="..\DEMOSDK\SYNTH.C">
      <Filter>DEMOSDK</Filter>
    </ClCompile>
    <ClCompile Include="..\DEMOSDK\PC\BITCONVR.C">
      <Filter>PC</Filter>
    </ClCompile>
    <ClCompile Include="..\DEMOSDK\PC\EMUL.CPP">
      <Filter>PC</Filter>
    </ClCompile>
    <ClCompile Include="..\DEMOSDK\DATA\DATA.C">
      <Filter>DEMOSDK\DATA</Filter>
    </ClCompile>
    <ClCompile Include="..\SYNSOUND\SRC\PLAYER.C">
      <Filter>SPECIFIC\SRC</Filter>
    </ClCompile>
  </ItemGroup>
  <ItemGroup>
    <ClInclude Include="..\DEMOSDK\ALLOC.H">
      <Filter>DEMOSDK</Filter>
    </ClInclude>
    <ClInclude Include="..\DEMOSDK\BASTYPES.H">
      <Filter>DEMOSDK</Filter>
    </ClInclude>
    <ClInclude Include="..\DEMOSDK\FSM.H">
      <Filter>DEMOSDK</Filter>
    </ClInclude>
    <ClInclude Include="..\DEMOSDK\HARDWARE.H">
      <Filter>DEMOSDK</Filter>
    </ClInclude>
    <ClInclude Include="..\DEMOSDK\SYSTEM.H">
      <Filter>DEMOSDK</Filter>
    </ClInclude>
    <ClInclude Include="..\DEMOSDK\LOAD.H">
      <Filter>DEMOSDK</Filter>
    </ClInclude>
    <ClInclude Include="..\DEMOSDK\TRACE.H">
      <Filter>DEMOSDK</Filter>
    </ClInclude>
    <ClInclude Include="..\DEMOSDK\RASTERS.H">
      <Filter>DEMOSDK</Filter>
    </ClInclude>
    <ClInclude Include="..\EXTERN\ARJDEP.H">
      <Filter>EXTERN</Filter>
    </ClInclude>
    <ClInclude Include="..\DEMOSDK\BITMAP.H">
      <Filter>DEMOSDK</Filter>
    </ClInclude>
    <ClInclude Include="..\DEMOSDK\STANDARD.H">
      <Filter>DEMOSDK</Filter>
    </ClInclude>
    <ClInclude Include="..\DEMOSDK\PC\WINDOW.H">
      <Filter>PC</Filter>
    </ClInclude>
    <ClInclude Include="..\DEMOSDK\COLORS.H">
      <Filter>DEMOSDK</Filter>
    </ClInclude>
    <ClInclude Include="..\DEMOSDK\PC\EMUL.H">
      <Filter>PC</Filter>
    </ClInclude>
    <ClInclude Include="..\SYNSOUND\SRC\SCREENS.H">
      <Filter>SPECIFIC\SRC</Filter>
    </ClInclude>
    <ClInclude Include="..\DEMOSDK\LOADDEFS.H">
      <Filter>DEMOSDK</Filter>
    </ClInclude>
    <ClInclude Include="..\EXTERN\RELOCATE.H">
      <Filter>EXTERN</Filter>
    </ClInclude>
    <ClInclude Include="..\DEMOSDK\SYNTH.H">
      <Filter>DEMOSDK</Filter>
    </ClInclude>
    <ClInclude Include="..\DEMOSDK\PC\BITCONVR.H">
      <Filter>PC</Filter>
    </ClInclude>
    <ClInclude Include="..\DEMOSDK\DATA\SYSTFNT.H">
      <Filter>DEMOSDK\DATA</Filter>
    </ClInclude>
    <ClInclude Include="..\SYNSOUND\SRC\PLAYER.H">
      <Filter>SPECIFIC\SRC</Filter>
    </ClInclude>
  </ItemGroup>
  <ItemGroup>
    <None Include="..\EXTERN\ARJDEP.S">
      <Filter>EXTERN</Filter>
    </None>
    <None Include="..\DEMOSDK\BITMAP.S">
      <Filter>DEMOSDK</Filter>
    </None>
    <None Include="..\DEMOSDK\STANDARD.S">
      <Filter>DEMOSDK</Filter>
    </None>
    <None Include="..\DEMOSDK\TRACE.S">
      <Filter>DEMOSDK</Filter>
    </None>
    <None Include="..\DEMOSDK\LOAD.S">
      <Filter>DEMOSDK</Filter>
    </None>
    <None Include="..\DEMOSDK\RASTERS.S">
      <Filter>DEMOSDK</Filter>
    </None>
    <None Include="..\DEMOSDK\BOOTSTRA.S">
      <Filter>DEMOSDK</Filter>
    </None>
    <None Include="..\DEMOSDK\SYSTEM.S">
      <Filter>DEMOSDK</Filter>
    </None>
    <None Include="..\EXTERN\XSTARTUP.S">
      <Filter>EXTERN</Filter>
    </None>
    <None Include="..\EXTERN\RELOCATE.S">
      <Filter>EXTERN</Filter>
    </None>
    <None Include="..\DEMOSDK\SYNTH.S">
      <Filter>DEMOSDK</Filter>
    </None>
    <None Include="..\SYNSOUND.PRJ">
      <Filter>SPECIFIC\PURE_C</Filter>
    </None>
    <None Include="..\SYNSOUNB.PRJ">
      <Filter>SPECIFIC\PURE_C</Filter>
    </None>
    <None Include="..\SYNSOUND\SYNTH.INI">
      <Filter>SPECIFIC</Filter>
    </None>
  </ItemGroup>
</Project>